
Microsoft Visual Studio Solution File, Format Version 12.00
Project("{FAE04EC0-301F-11D3-BF4B-00C04F79EFBC}") = "api", "api\api.csproj", "{9549935F-1651-4296-8058-8FB1DBE993B7}"
EndProject
Project("{FAE04EC0-301F-11D3-BF4B-00C04F79EFBC}") = "Common", "Common\Common.csproj", "{F365A997-1AB6-49E7-86F8-1C70115426C9}"
EndProject
Project("{FAE04EC0-301F-11D3-BF4B-00C04F79EFBC}") = "Kafka", "Kafka\Kafka.csproj", "{86F87192-3822-4283-93C7-5FB5ECCC3362}"
EndProject
Project("{FAE04EC0-301F-11D3-BF4B-00C04F79EFBC}") = "Models", "Models\Models.csproj", "{63099092-BCB8-414A-A183-E44B2BED5B55}"
EndProject
Project("{FAE04EC0-301F-11D3-BF4B-00C04F79EFBC}") = "Cluster", "Cluster\Cluster.csproj", "{95039698-41C4-4E37-B51A-C83ACE399B44}"
EndProject
Project("{FAE04EC0-301F-11D3-BF4B-00C04F79EFBC}") = "Database", "Database\Database.csproj", "{797D81C4-4C93-457B-AD70-A37193528E48}"
EndProject
Global
	GlobalSection(SolutionConfigurationPlatforms) = preSolution
		Debug|Any CPU = Debug|Any CPU
		Release|Any CPU = Release|Any CPU
	EndGlobalSection
	GlobalSection(ProjectConfigurationPlatforms) = postSolution
		{9549935F-1651-4296-8058-8FB1DBE993B7}.Debug|Any CPU.ActiveCfg = Debug|Any CPU
		{9549935F-1651-4296-8058-8FB1DBE993B7}.Debug|Any CPU.Build.0 = Debug|Any CPU
		{9549935F-1651-4296-8058-8FB1DBE993B7}.Release|Any CPU.ActiveCfg = Release|Any CPU
		{9549935F-1651-4296-8058-8FB1DBE993B7}.Release|Any CPU.Build.0 = Release|Any CPU
		{F365A997-1AB6-49E7-86F8-1C70115426C9}.Debug|Any CPU.ActiveCfg = Debug|Any CPU
		{F365A997-1AB6-49E7-86F8-1C70115426C9}.Debug|Any CPU.Build.0 = Debug|Any CPU
		{F365A997-1AB6-49E7-86F8-1C70115426C9}.Release|Any CPU.ActiveCfg = Release|Any CPU
		{F365A997-1AB6-49E7-86F8-1C70115426C9}.Release|Any CPU.Build.0 = Release|Any CPU
		{86F87192-3822-4283-93C7-5FB5ECCC3362}.Debug|Any CPU.ActiveCfg = Debug|Any CPU
		{86F87192-3822-4283-93C7-5FB5ECCC3362}.Debug|Any CPU.Build.0 = Debug|Any CPU
		{86F87192-3822-4283-93C7-5FB5ECCC3362}.Release|Any CPU.ActiveCfg = Release|Any CPU
		{86F87192-3822-4283-93C7-5FB5ECCC3362}.Release|Any CPU.Build.0 = Release|Any CPU
		{63099092-BCB8-414A-A183-E44B2BED5B55}.Debug|Any CPU.ActiveCfg = Debug|Any CPU
		{63099092-BCB8-414A-A183-E44B2BED5B55}.Debug|Any CPU.Build.0 = Debug|Any CPU
		{63099092-BCB8-414A-A183-E44B2BED5B55}.Release|Any CPU.ActiveCfg = Release|Any CPU
		{63099092-BCB8-414A-A183-E44B2BED5B55}.Release|Any CPU.Build.0 = Release|Any CPU
		{95039698-41C4-4E37-B51A-C83ACE399B44}.Debug|Any CPU.ActiveCfg = Debug|Any CPU
		{95039698-41C4-4E37-B51A-C83ACE399B44}.Debug|Any CPU.Build.0 = Debug|Any CPU
		{95039698-41C4-4E37-B51A-C83ACE399B44}.Release|Any CPU.ActiveCfg = Release|Any CPU
		{95039698-41C4-4E37-B51A-C83ACE399B44}.Release|Any CPU.Build.0 = Release|Any CPU
		{797D81C4-4C93-457B-AD70-A37193528E48}.Debug|Any CPU.ActiveCfg = Debug|Any CPU
		{797D81C4-4C93-457B-AD70-A37193528E48}.Debug|Any CPU.Build.0 = Debug|Any CPU
		{797D81C4-4C93-457B-AD70-A37193528E48}.Release|Any CPU.ActiveCfg = Release|Any CPU
		{797D81C4-4C93-457B-AD70-A37193528E48}.Release|Any CPU.Build.0 = Release|Any CPU
	EndGlobalSection
EndGlobal
